{
  "name": "server",
  "version": "1.0.0",
  "lockfileVersion": 1,
  "requires": true,
  "dependencies": {
    "astar-typescript": {
      "version": "0.0.442",
      "resolved": "https://registry.npmjs.org/astar-typescript/-/astar-typescript-0.0.442.tgz",
      "integrity": "sha1-jdBQdlJLtiGwpZlbZBYmDdBVT3Q=",
      "dev": true,
      "requires": {
        "lodash": "4.17.4"
      }
    },
    "lodash": {
      "version": "4.17.4",
      "resolved": "https://registry.npmjs.org/lodash/-/lodash-4.17.4.tgz",
      "integrity": "sha1-eCA6TRwyiuHYbcpkYONptX9AVa4=",
      "dev": true
    }
  }
}
